// !$*UTF8*$!
{
	archiveVersion = 1;
	classes = {
	};
	objectVersion = 77;
	objects = {

/* Begin PBXBuildFile section */
		0F783D47F10D757658058C46 /* DailyAyahWidgetExtension.appex in Embed Foundation Extensions */ = {isa = PBXBuildFile; fileRef = B0D64E0666254304A68D6420 /* DailyAyahWidgetExtension.appex */; settings = {ATTRIBUTES = (RemoveHeadersOnCopy, ); }; };
		22ED6ACE8AEE850F3853CE27 /* DailyAyahRepository.swift in Sources */ = {isa = PBXBuildFile; fileRef = 74554DC5E5E3ABEB6C015FF5 /* DailyAyahRepository.swift */; };
		25CF40395F2826123130D1EC /* Assets.xcassets in Resources */ = {isa = PBXBuildFile; fileRef = 1A69A9116D1D7D69A44C608C /* Assets.xcassets */; };
		2924529F22C03DC1ED81EF8D /* ContentView.swift in Sources */ = {isa = PBXBuildFile; fileRef = E287C5161C937FDEAD9808B7 /* ContentView.swift */; };
		34FD223C482D079483E66DA5 /* DailyAyah.swift in Sources */ = {isa = PBXBuildFile; fileRef = A47673FB3E2E8EDEFBA62734 /* DailyAyah.swift */; };
		374BCA2B542BB12410B0DA29 /* AppGroupConfig.swift in Sources */ = {isa = PBXBuildFile; fileRef = B9C136D7F229B6C9966C5D4B /* AppGroupConfig.swift */; };
		420D6E8CF3A89994DC91FE70 /* DailyAyahWidgetView.swift in Sources */ = {isa = PBXBuildFile; fileRef = 9762890E56152A73D97FCA28 /* DailyAyahWidgetView.swift */; };
		50B55AB2757C74D2B3D918E8 /* DailyAyah.swift in Sources */ = {isa = PBXBuildFile; fileRef = A47673FB3E2E8EDEFBA62734 /* DailyAyah.swift */; };
		58F5D8E09BEB169B74600F17 /* DailyAyahClient.swift in Sources */ = {isa = PBXBuildFile; fileRef = F0C61A38498B822F075612F9 /* DailyAyahClient.swift */; };
		5B9C115FDCC620F584D78A49 /* APIConfig.swift in Sources */ = {isa = PBXBuildFile; fileRef = 67CEA0B85CF027BD15A8645D /* APIConfig.swift */; };
		9E9D9A27DAE91D9B829270ED /* DailyAyahTimelineProvider.swift in Sources */ = {isa = PBXBuildFile; fileRef = F105E085648D313F28AE64F7 /* DailyAyahTimelineProvider.swift */; };
		A19310B0F936411B751BC9F5 /* DailyAyahWidget.swift in Sources */ = {isa = PBXBuildFile; fileRef = E4E6AC3A24F71871340A3EE6 /* DailyAyahWidget.swift */; };
		ABB3C456C3CE9DA8152A66B1 /* DailyAyahClient.swift in Sources */ = {isa = PBXBuildFile; fileRef = F0C61A38498B822F075612F9 /* DailyAyahClient.swift */; };
		D1C7AD3817EC2D50F964F474 /* SharedDailyAyahStore.swift in Sources */ = {isa = PBXBuildFile; fileRef = 478E5D26B61B66A0440AA298 /* SharedDailyAyahStore.swift */; };
		E1AFF892AAC249765CB83B8D /* APIConfig.swift in Sources */ = {isa = PBXBuildFile; fileRef = 67CEA0B85CF027BD15A8645D /* APIConfig.swift */; };
		E512C94399A5A3D2D13672C4 /* SharedDailyAyahStore.swift in Sources */ = {isa = PBXBuildFile; fileRef = 478E5D26B61B66A0440AA298 /* SharedDailyAyahStore.swift */; };
		EF657883D4F22423508BC901 /* AppGroupConfig.swift in Sources */ = {isa = PBXBuildFile; fileRef = B9C136D7F229B6C9966C5D4B /* AppGroupConfig.swift */; };
		F3DDB2093173CAED8030D60C /* DailyAyahRepository.swift in Sources */ = {isa = PBXBuildFile; fileRef = 74554DC5E5E3ABEB6C015FF5 /* DailyAyahRepository.swift */; };
		FE1863016A0AF13918664CE7 /* DailyAyahApp.swift in Sources */ = {isa = PBXBuildFile; fileRef = 72F2F7033BF1574C44903A34 /* DailyAyahApp.swift */; };
/* End PBXBuildFile section */

/* Begin PBXContainerItemProxy section */
		C8FE0D5599DEA1F2E6E434E4 /* PBXContainerItemProxy */ = {
			isa = PBXContainerItemProxy;
			containerPortal = FE3116AB86E7AB1633EFCFB9 /* Project object */;
			proxyType = 1;
			remoteGlobalIDString = 86E4E799C27C8E383BA0FBD8;
			remoteInfo = DailyAyahWidgetExtension;
		};
/* End PBXContainerItemProxy section */

/* Begin PBXCopyFilesBuildPhase section */
		B31E97E1DF5481EA024831A6 /* Embed Foundation Extensions */ = {
			isa = PBXCopyFilesBuildPhase;
			buildActionMask = 2147483647;
			dstPath = "";
			dstSubfolderSpec = 13;
			files = (
				0F783D47F10D757658058C46 /* DailyAyahWidgetExtension.appex in Embed Foundation Extensions */,
			);
			name = "Embed Foundation Extensions";
			runOnlyForDeploymentPostprocessing = 0;
		};
/* End PBXCopyFilesBuildPhase section */

/* Begin PBXFileReference section */
		130315A113AD0B4C73D7690D /* DailyAyah.entitlements */ = {isa = PBXFileReference; lastKnownFileType = text.plist.entitlements; path = DailyAyah.entitlements; sourceTree = "<group>"; };
		1A69A9116D1D7D69A44C608C /* Assets.xcassets */ = {isa = PBXFileReference; lastKnownFileType = folder.assetcatalog; path = Assets.xcassets; sourceTree = "<group>"; };
		2D9C19664EB13C87A71A3E09 /* Info.plist */ = {isa = PBXFileReference; lastKnownFileType = text.plist; path = Info.plist; sourceTree = "<group>"; };
		478E5D26B61B66A0440AA298 /* SharedDailyAyahStore.swift */ = {isa = PBXFileReference; lastKnownFileType = sourcecode.swift; path = SharedDailyAyahStore.swift; sourceTree = "<group>"; };
		67CEA0B85CF027BD15A8645D /* APIConfig.swift */ = {isa = PBXFileReference; lastKnownFileType = sourcecode.swift; path = APIConfig.swift; sourceTree = "<group>"; };
		72F2F7033BF1574C44903A34 /* DailyAyahApp.swift */ = {isa = PBXFileReference; lastKnownFileType = sourcecode.swift; path = DailyAyahApp.swift; sourceTree = "<group>"; };
		74554DC5E5E3ABEB6C015FF5 /* DailyAyahRepository.swift */ = {isa = PBXFileReference; lastKnownFileType = sourcecode.swift; path = DailyAyahRepository.swift; sourceTree = "<group>"; };
		7A4519052AEE060AD2EA7D53 /* DailyAyahWidget.entitlements */ = {isa = PBXFileReference; lastKnownFileType = text.plist.entitlements; path = DailyAyahWidget.entitlements; sourceTree = "<group>"; };
		9762890E56152A73D97FCA28 /* DailyAyahWidgetView.swift */ = {isa = PBXFileReference; lastKnownFileType = sourcecode.swift; path = DailyAyahWidgetView.swift; sourceTree = "<group>"; };
		A47673FB3E2E8EDEFBA62734 /* DailyAyah.swift */ = {isa = PBXFileReference; lastKnownFileType = sourcecode.swift; path = DailyAyah.swift; sourceTree = "<group>"; };
		B0D64E0666254304A68D6420 /* DailyAyahWidgetExtension.appex */ = {isa = PBXFileReference; includeInIndex = 0; lastKnownFileType = "wrapper.app-extension"; path = DailyAyahWidgetExtension.appex; sourceTree = BUILT_PRODUCTS_DIR; };
		B9C136D7F229B6C9966C5D4B /* AppGroupConfig.swift */ = {isa = PBXFileReference; lastKnownFileType = sourcecode.swift; path = AppGroupConfig.swift; sourceTree = "<group>"; };
		D878CD6F6D1700CB8763291A /* Info.plist */ = {isa = PBXFileReference; lastKnownFileType = text.plist; path = Info.plist; sourceTree = "<group>"; };
		E287C5161C937FDEAD9808B7 /* ContentView.swift */ = {isa = PBXFileReference; lastKnownFileType = sourcecode.swift; path = ContentView.swift; sourceTree = "<group>"; };
		E4E6AC3A24F71871340A3EE6 /* DailyAyahWidget.swift */ = {isa = PBXFileReference; lastKnownFileType = sourcecode.swift; path = DailyAyahWidget.swift; sourceTree = "<group>"; };
		EA23B2C9340EFB40D96CC08B /* DailyAyahApp.app */ = {isa = PBXFileReference; includeInIndex = 0; lastKnownFileType = wrapper.application; path = DailyAyahApp.app; sourceTree = BUILT_PRODUCTS_DIR; };
		F0C61A38498B822F075612F9 /* DailyAyahClient.swift */ = {isa = PBXFileReference; lastKnownFileType = sourcecode.swift; path = DailyAyahClient.swift; sourceTree = "<group>"; };
		F105E085648D313F28AE64F7 /* DailyAyahTimelineProvider.swift */ = {isa = PBXFileReference; lastKnownFileType = sourcecode.swift; path = DailyAyahTimelineProvider.swift; sourceTree = "<group>"; };
/* End PBXFileReference section */

/* Begin PBXGroup section */
		02ACC9DF8EE01C604F6840B2 /* Storage */ = {
			isa = PBXGroup;
			children = (
				478E5D26B61B66A0440AA298 /* SharedDailyAyahStore.swift */,
			);
			path = Storage;
			sourceTree = "<group>";
		};
		0527811F4C19932575FCEC0A /* Services */ = {
			isa = PBXGroup;
			children = (
				F0C61A38498B822F075612F9 /* DailyAyahClient.swift */,
				74554DC5E5E3ABEB6C015FF5 /* DailyAyahRepository.swift */,
			);
			path = Services;
			sourceTree = "<group>";
		};
		7FFAE81F62740E40C9EDE60D /* Widget */ = {
			isa = PBXGroup;
			children = (
				F105E085648D313F28AE64F7 /* DailyAyahTimelineProvider.swift */,
				7A4519052AEE060AD2EA7D53 /* DailyAyahWidget.entitlements */,
				E4E6AC3A24F71871340A3EE6 /* DailyAyahWidget.swift */,
				9762890E56152A73D97FCA28 /* DailyAyahWidgetView.swift */,
				D878CD6F6D1700CB8763291A /* Info.plist */,
			);
			path = Widget;
			sourceTree = "<group>";
		};
		BC1908CE8BF8466B77E4C636 /* Config */ = {
			isa = PBXGroup;
			children = (
				67CEA0B85CF027BD15A8645D /* APIConfig.swift */,
				B9C136D7F229B6C9966C5D4B /* AppGroupConfig.swift */,
			);
			path = Config;
			sourceTree = "<group>";
		};
		CDDA22967036AED95E8D9784 /* Products */ = {
			isa = PBXGroup;
			children = (
				EA23B2C9340EFB40D96CC08B /* DailyAyahApp.app */,
				B0D64E0666254304A68D6420 /* DailyAyahWidgetExtension.appex */,
			);
			name = Products;
			sourceTree = "<group>";
		};
		CE2CC67AD8889403937C3FFA = {
			isa = PBXGroup;
			children = (
				D6F13460852242979167D018 /* App */,
				7FFAE81F62740E40C9EDE60D /* Widget */,
				CDDA22967036AED95E8D9784 /* Products */,
			);
			sourceTree = "<group>";
		};
		D6F13460852242979167D018 /* App */ = {
			isa = PBXGroup;
			children = (
				1A69A9116D1D7D69A44C608C /* Assets.xcassets */,
				E287C5161C937FDEAD9808B7 /* ContentView.swift */,
				130315A113AD0B4C73D7690D /* DailyAyah.entitlements */,
				72F2F7033BF1574C44903A34 /* DailyAyahApp.swift */,
				2D9C19664EB13C87A71A3E09 /* Info.plist */,
				BC1908CE8BF8466B77E4C636 /* Config */,
				EE258554E1D46FD969B7C7C2 /* Models */,
				0527811F4C19932575FCEC0A /* Services */,
				02ACC9DF8EE01C604F6840B2 /* Storage */,
			);
			path = App;
			sourceTree = "<group>";
		};
		EE258554E1D46FD969B7C7C2 /* Models */ = {
			isa = PBXGroup;
			children = (
				A47673FB3E2E8EDEFBA62734 /* DailyAyah.swift */,
			);
			path = Models;
			sourceTree = "<group>";
		};
/* End PBXGroup section */

/* Begin PBXNativeTarget section */
		86E4E799C27C8E383BA0FBD8 /* DailyAyahWidgetExtension */ = {
			isa = PBXNativeTarget;
			buildConfigurationList = E24C2A0CB39375804A5B8295 /* Build configuration list for PBXNativeTarget "DailyAyahWidgetExtension" */;
			buildPhases = (
				A89092856FD232C7D9E2B8A2 /* Sources */,
			);
			buildRules = (
			);
			dependencies = (
			);
			name = DailyAyahWidgetExtension;
			packageProductDependencies = (
			);
			productName = DailyAyahWidgetExtension;
			productReference = B0D64E0666254304A68D6420 /* DailyAyahWidgetExtension.appex */;
			productType = "com.apple.product-type.app-extension";
		};
		B195145AA04CCE0C46A49DC4 /* DailyAyahApp */ = {
			isa = PBXNativeTarget;
			buildConfigurationList = 0F142A814EFBC3E801B20C3C /* Build configuration list for PBXNativeTarget "DailyAyahApp" */;
			buildPhases = (
				380D3C480A7A925FFFA8B98C /* Sources */,
				1FB7519731BDEF0599D8851A /* Resources */,
				B31E97E1DF5481EA024831A6 /* Embed Foundation Extensions */,
			);
			buildRules = (
			);
			dependencies = (
				8B7566DB1BB01B4350C5DA82 /* PBXTargetDependency */,
			);
			name = DailyAyahApp;
			packageProductDependencies = (
			);
			productName = DailyAyahApp;
			productReference = EA23B2C9340EFB40D96CC08B /* DailyAyahApp.app */;
			productType = "com.apple.product-type.application";
		};
/* End PBXNativeTarget section */

/* Begin PBXProject section */
		FE3116AB86E7AB1633EFCFB9 /* Project object */ = {
			isa = PBXProject;
			attributes = {
				BuildIndependentTargetsInParallel = YES;
				LastUpgradeCheck = 1430;
				TargetAttributes = {
					86E4E799C27C8E383BA0FBD8 = {
						DevelopmentTeam = P6FX9URFQ2;
						ProvisioningStyle = Automatic;
					};
					B195145AA04CCE0C46A49DC4 = {
						DevelopmentTeam = P6FX9URFQ2;
						ProvisioningStyle = Automatic;
					};
				};
			};
			buildConfigurationList = 2B20BE603059B46D6AC40702 /* Build configuration list for PBXProject "DailyAyah" */;
			developmentRegion = en;
			hasScannedForEncodings = 0;
			knownRegions = (
				Base,
				en,
			);
			mainGroup = CE2CC67AD8889403937C3FFA;
			minimizedProjectReferenceProxies = 1;
			preferredProjectObjectVersion = 77;
			productRefGroup = CDDA22967036AED95E8D9784 /* Products */;
			projectDirPath = "";
			projectRoot = "";
			targets = (
				B195145AA04CCE0C46A49DC4 /* DailyAyahApp */,
				86E4E799C27C8E383BA0FBD8 /* DailyAyahWidgetExtension */,
			);
		};
/* End PBXProject section */

/* Begin PBXResourcesBuildPhase section */
		1FB7519731BDEF0599D8851A /* Resources */ = {
			isa = PBXResourcesBuildPhase;
			buildActionMask = 2147483647;
			files = (
				25CF40395F2826123130D1EC /* Assets.xcassets in Resources */,
			);
			runOnlyForDeploymentPostprocessing = 0;
		};
/* End PBXResourcesBuildPhase section */

/* Begin PBXSourcesBuildPhase section */
		380D3C480A7A925FFFA8B98C /* Sources */ = {
			isa = PBXSourcesBuildPhase;
			buildActionMask = 2147483647;
			files = (
				5B9C115FDCC620F584D78A49 /* APIConfig.swift in Sources */,
				EF657883D4F22423508BC901 /* AppGroupConfig.swift in Sources */,
				2924529F22C03DC1ED81EF8D /* ContentView.swift in Sources */,
				50B55AB2757C74D2B3D918E8 /* DailyAyah.swift in Sources */,
				FE1863016A0AF13918664CE7 /* DailyAyahApp.swift in Sources */,
				58F5D8E09BEB169B74600F17 /* DailyAyahClient.swift in Sources */,
				F3DDB2093173CAED8030D60C /* DailyAyahRepository.swift in Sources */,
				D1C7AD3817EC2D50F964F474 /* SharedDailyAyahStore.swift in Sources */,
			);
			runOnlyForDeploymentPostprocessing = 0;
		};
		A89092856FD232C7D9E2B8A2 /* Sources */ = {
			isa = PBXSourcesBuildPhase;
			buildActionMask = 2147483647;
			files = (
				E1AFF892AAC249765CB83B8D /* APIConfig.swift in Sources */,
				374BCA2B542BB12410B0DA29 /* AppGroupConfig.swift in Sources */,
				34FD223C482D079483E66DA5 /* DailyAyah.swift in Sources */,
				ABB3C456C3CE9DA8152A66B1 /* DailyAyahClient.swift in Sources */,
				22ED6ACE8AEE850F3853CE27 /* DailyAyahRepository.swift in Sources */,
				9E9D9A27DAE91D9B829270ED /* DailyAyahTimelineProvider.swift in Sources */,
				A19310B0F936411B751BC9F5 /* DailyAyahWidget.swift in Sources */,
				420D6E8CF3A89994DC91FE70 /* DailyAyahWidgetView.swift in Sources */,
				E512C94399A5A3D2D13672C4 /* SharedDailyAyahStore.swift in Sources */,
			);
			runOnlyForDeploymentPostprocessing = 0;
		};
/* End PBXSourcesBuildPhase section */

/* Begin PBXTargetDependency section */
		8B7566DB1BB01B4350C5DA82 /* PBXTargetDependency */ = {
			isa = PBXTargetDependency;
			target = 86E4E799C27C8E383BA0FBD8 /* DailyAyahWidgetExtension */;
			targetProxy = C8FE0D5599DEA1F2E6E434E4 /* PBXContainerItemProxy */;
		};
/* End PBXTargetDependency section */

/* Begin XCBuildConfiguration section */
		34335476CFE15FBE98342192 /* Debug */ = {
			isa = XCBuildConfiguration;
			buildSettings = {
				ALWAYS_SEARCH_USER_PATHS = NO;
				CLANG_ANALYZER_NONNULL = YES;
				CLANG_ANALYZER_NUMBER_OBJECT_CONVERSION = YES_AGGRESSIVE;
				CLANG_CXX_LANGUAGE_STANDARD = "gnu++14";
				CLANG_CXX_LIBRARY = "libc++";
				CLANG_ENABLE_MODULES = YES;
				CLANG_ENABLE_OBJC_ARC = YES;
				CLANG_ENABLE_OBJC_WEAK = YES;
				CLANG_WARN_BLOCK_CAPTURE_AUTORELEASING = YES;
				CLANG_WARN_BOOL_CONVERSION = YES;
				CLANG_WARN_COMMA = YES;
				CLANG_WARN_CONSTANT_CONVERSION = YES;
				CLANG_WARN_DEPRECATED_OBJC_IMPLEMENTATIONS = YES;
				CLANG_WARN_DIRECT_OBJC_ISA_USAGE = YES_ERROR;
				CLANG_WARN_DOCUMENTATION_COMMENTS = YES;
				CLANG_WARN_EMPTY_BODY = YES;
				CLANG_WARN_ENUM_CONVERSION = YES;
				CLANG_WARN_INFINITE_RECURSION = YES;
				CLANG_WARN_INT_CONVERSION = YES;
				CLANG_WARN_NON_LITERAL_NULL_CONVERSION = YES;
				CLANG_WARN_OBJC_IMPLICIT_RETAIN_SELF = YES;
				CLANG_WARN_OBJC_LITERAL_CONVERSION = YES;
				CLANG_WARN_OBJC_ROOT_CLASS = YES_ERROR;
				CLANG_WARN_QUOTED_INCLUDE_IN_FRAMEWORK_HEADER = YES;
				CLANG_WARN_RANGE_LOOP_ANALYSIS = YES;
				CLANG_WARN_STRICT_PROTOTYPES = YES;
				CLANG_WARN_SUSPICIOUS_MOVE = YES;
				CLANG_WARN_UNGUARDED_AVAILABILITY = YES_AGGRESSIVE;
				CLANG_WARN_UNREACHABLE_CODE = YES;
				CLANG_WARN__DUPLICATE_METHOD_MATCH = YES;
				COPY_PHASE_STRIP = NO;
				CURRENT_PROJECT_VERSION = 2;
				DEBUG_INFORMATION_FORMAT = dwarf;
				ENABLE_STRICT_OBJC_MSGSEND = YES;
				ENABLE_TESTABILITY = YES;
				GCC_C_LANGUAGE_STANDARD = gnu11;
				GCC_DYNAMIC_NO_PIC = NO;
				GCC_NO_COMMON_BLOCKS = YES;
				GCC_OPTIMIZATION_LEVEL = 0;
				GCC_PREPROCESSOR_DEFINITIONS = (
					"$(inherited)",
					"DEBUG=1",
				);
				GCC_WARN_64_TO_32_BIT_CONVERSION = YES;
				GCC_WARN_ABOUT_RETURN_TYPE = YES_ERROR;
				GCC_WARN_UNDECLARED_SELECTOR = YES;
				GCC_WARN_UNINITIALIZED_AUTOS = YES_AGGRESSIVE;
				GCC_WARN_UNUSED_FUNCTION = YES;
				GCC_WARN_UNUSED_VARIABLE = YES;
				IPHONEOS_DEPLOYMENT_TARGET = 17.0;
				MARKETING_VERSION = 1.0;
				MTL_ENABLE_DEBUG_INFO = INCLUDE_SOURCE;
				MTL_FAST_MATH = YES;
				ONLY_ACTIVE_ARCH = YES;
				PRODUCT_NAME = "$(TARGET_NAME)";
				SDKROOT = iphoneos;
				SWIFT_ACTIVE_COMPILATION_CONDITIONS = DEBUG;
				SWIFT_OPTIMIZATION_LEVEL = "-Onone";
				SWIFT_VERSION = 5.0;
			};
			name = Debug;
		};
		5093892B4B49B72992AE02C2 /* Release */ = {
			isa = XCBuildConfiguration;
			buildSettings = {
				ASSETCATALOG_COMPILER_APPICON_NAME = AppIcon;
				CODE_SIGN_ENTITLEMENTS = App/DailyAyah.entitlements;
				CODE_SIGN_IDENTITY = "iPhone Developer";
				CODE_SIGN_STYLE = Automatic;
				DEVELOPMENT_TEAM = P6FX9URFQ2;
				INFOPLIST_FILE = App/Info.plist;
				IPHONEOS_DEPLOYMENT_TARGET = 17.0;
				LD_RUNPATH_SEARCH_PATHS = (
					"$(inherited)",
					"@executable_path/Frameworks",
				);
				PRODUCT_BUNDLE_IDENTIFIER = com.cufica.dailyayah;
				PRODUCT_NAME = DailyAyah;
				SDKROOT = iphoneos;
				TARGETED_DEVICE_FAMILY = "1,2";
			};
			name = Release;
		};
		55D8A7EF0B739E857FC96BFA /* Release */ = {
			isa = XCBuildConfiguration;
			buildSettings = {
				ALWAYS_SEARCH_USER_PATHS = NO;
				CLANG_ANALYZER_NONNULL = YES;
				CLANG_ANALYZER_NUMBER_OBJECT_CONVERSION = YES_AGGRESSIVE;
				CLANG_CXX_LANGUAGE_STANDARD = "gnu++14";
				CLANG_CXX_LIBRARY = "libc++";
				CLANG_ENABLE_MODULES = YES;
				CLANG_ENABLE_OBJC_ARC = YES;
				CLANG_ENABLE_OBJC_WEAK = YES;
				CLANG_WARN_BLOCK_CAPTURE_AUTORELEASING = YES;
				CLANG_WARN_BOOL_CONVERSION = YES;
				CLANG_WARN_COMMA = YES;
				CLANG_WARN_CONSTANT_CONVERSION = YES;
				CLANG_WARN_DEPRECATED_OBJC_IMPLEMENTATIONS = YES;
				CLANG_WARN_DIRECT_OBJC_ISA_USAGE = YES_ERROR;
				CLANG_WARN_DOCUMENTATION_COMMENTS = YES;
				CLANG_WARN_EMPTY_BODY = YES;
				CLANG_WARN_ENUM_CONVERSION = YES;
				CLANG_WARN_INFINITE_RECURSION = YES;
				CLANG_WARN_INT_CONVERSION = YES;
				CLANG_WARN_NON_LITERAL_NULL_CONVERSION = YES;
				CLANG_WARN_OBJC_IMPLICIT_RETAIN_SELF = YES;
				CLANG_WARN_OBJC_LITERAL_CONVERSION = YES;
				CLANG_WARN_OBJC_ROOT_CLASS = YES_ERROR;
				CLANG_WARN_QUOTED_INCLUDE_IN_FRAMEWORK_HEADER = YES;
				CLANG_WARN_RANGE_LOOP_ANALYSIS = YES;
				CLANG_WARN_STRICT_PROTOTYPES = YES;
				CLANG_WARN_SUSPICIOUS_MOVE = YES;
				CLANG_WARN_UNGUARDED_AVAILABILITY = YES_AGGRESSIVE;
				CLANG_WARN_UNREACHABLE_CODE = YES;
				CLANG_WARN__DUPLICATE_METHOD_MATCH = YES;
				COPY_PHASE_STRIP = NO;
				CURRENT_PROJECT_VERSION = 2;
				DEBUG_INFORMATION_FORMAT = "dwarf-with-dsym";
				ENABLE_NS_ASSERTIONS = NO;
				ENABLE_STRICT_OBJC_MSGSEND = YES;
				GCC_C_LANGUAGE_STANDARD = gnu11;
				GCC_NO_COMMON_BLOCKS = YES;
				GCC_WARN_64_TO_32_BIT_CONVERSION = YES;
				GCC_WARN_ABOUT_RETURN_TYPE = YES_ERROR;
				GCC_WARN_UNDECLARED_SELECTOR = YES;
				GCC_WARN_UNINITIALIZED_AUTOS = YES_AGGRESSIVE;
				GCC_WARN_UNUSED_FUNCTION = YES;
				GCC_WARN_UNUSED_VARIABLE = YES;
				IPHONEOS_DEPLOYMENT_TARGET = 17.0;
				MARKETING_VERSION = 1.0;
				MTL_ENABLE_DEBUG_INFO = NO;
				MTL_FAST_MATH = YES;
				PRODUCT_NAME = "$(TARGET_NAME)";
				SDKROOT = iphoneos;
				SWIFT_COMPILATION_MODE = wholemodule;
				SWIFT_OPTIMIZATION_LEVEL = "-O";
				SWIFT_VERSION = 5.0;
			};
			name = Release;
		};
		B0892A740B2B07F3F4D05DCF /* Debug */ = {
			isa = XCBuildConfiguration;
			buildSettings = {
				ASSETCATALOG_COMPILER_APPICON_NAME = AppIcon;
				CODE_SIGN_ENTITLEMENTS = App/DailyAyah.entitlements;
				CODE_SIGN_IDENTITY = "iPhone Developer";
				CODE_SIGN_STYLE = Automatic;
				DEVELOPMENT_TEAM = P6FX9URFQ2;
				INFOPLIST_FILE = App/Info.plist;
				IPHONEOS_DEPLOYMENT_TARGET = 17.0;
				LD_RUNPATH_SEARCH_PATHS = (
					"$(inherited)",
					"@executable_path/Frameworks",
				);
				PRODUCT_BUNDLE_IDENTIFIER = com.cufica.dailyayah;
				PRODUCT_NAME = DailyAyah;
				SDKROOT = iphoneos;
				TARGETED_DEVICE_FAMILY = "1,2";
			};
			name = Debug;
		};
		BDAD5C584DDFDFBDF1C8649F /* Release */ = {
			isa = XCBuildConfiguration;
			buildSettings = {
				CODE_SIGN_ENTITLEMENTS = Widget/DailyAyahWidget.entitlements;
				CODE_SIGN_STYLE = Automatic;
				DEVELOPMENT_TEAM = P6FX9URFQ2;
				INFOPLIST_FILE = Widget/Info.plist;
				IPHONEOS_DEPLOYMENT_TARGET = 17.0;
				LD_RUNPATH_SEARCH_PATHS = (
					"$(inherited)",
					"@executable_path/Frameworks",
					"@executable_path/../../Frameworks",
				);
				PRODUCT_BUNDLE_IDENTIFIER = com.cufica.dailyayah.widget;
				PRODUCT_NAME = DailyAyahWidgetExtension;
				SDKROOT = iphoneos;
				TARGETED_DEVICE_FAMILY = "1,2";
			};
			name = Release;
		};
		E1914EAC6C303C784A7CDE73 /* Debug */ = {
			isa = XCBuildConfiguration;
			buildSettings = {
				CODE_SIGN_ENTITLEMENTS = Widget/DailyAyahWidget.entitlements;
				CODE_SIGN_STYLE = Automatic;
				DEVELOPMENT_TEAM = P6FX9URFQ2;
				INFOPLIST_FILE = Widget/Info.plist;
				IPHONEOS_DEPLOYMENT_TARGET = 17.0;
				LD_RUNPATH_SEARCH_PATHS = (
					"$(inherited)",
					"@executable_path/Frameworks",
					"@executable_path/../../Frameworks",
				);
				PRODUCT_BUNDLE_IDENTIFIER = com.cufica.dailyayah.widget;
				PRODUCT_NAME = DailyAyahWidgetExtension;
				SDKROOT = iphoneos;
				TARGETED_DEVICE_FAMILY = "1,2";
			};
			name = Debug;
		};
/* End XCBuildConfiguration section */

/* Begin XCConfigurationList section */
		0F142A814EFBC3E801B20C3C /* Build configuration list for PBXNativeTarget "DailyAyahApp" */ = {
			isa = XCConfigurationList;
			buildConfigurations = (
				B0892A740B2B07F3F4D05DCF /* Debug */,
				5093892B4B49B72992AE02C2 /* Release */,
			);
			defaultConfigurationIsVisible = 0;
			defaultConfigurationName = Debug;
		};
		2B20BE603059B46D6AC40702 /* Build configuration list for PBXProject "DailyAyah" */ = {
			isa = XCConfigurationList;
			buildConfigurations = (
				34335476CFE15FBE98342192 /* Debug */,
				55D8A7EF0B739E857FC96BFA /* Release */,
			);
			defaultConfigurationIsVisible = 0;
			defaultConfigurationName = Debug;
		};
		E24C2A0CB39375804A5B8295 /* Build configuration list for PBXNativeTarget "DailyAyahWidgetExtension" */ = {
			isa = XCConfigurationList;
			buildConfigurations = (
				E1914EAC6C303C784A7CDE73 /* Debug */,
				BDAD5C584DDFDFBDF1C8649F /* Release */,
			);
			defaultConfigurationIsVisible = 0;
			defaultConfigurationName = Debug;
		};
/* End XCConfigurationList section */
	};
	rootObject = FE3116AB86E7AB1633EFCFB9 /* Project object */;
}
